
Microsoft Visual Studio Solution File, Format Version 12.00
# Visual Studio Version 17
VisualStudioVersion = 17.0.31912.275
MinimumVisualStudioVersion = 10.0.40219.1
Project("{FAE04EC0-301F-11D3-BF4B-00C04F79EFBC}") = "Haooyou.Tool.Web", "Haooyou.Tool.Web\Haooyou.Tool.Web.csproj", "{88B564B5-2162-4BEB-BE71-BC7126D7AA6F}"
EndProject
Global
	GlobalSection(SolutionConfigurationPlatforms) = preSolution
		Debug|Any CPU = Debug|Any CPU
		Release|Any CPU = Release|Any CPU
	EndGlobalSection
	GlobalSection(ProjectConfigurationPlatforms) = postSolution
		{88B564B5-2162-4BEB-BE71-BC7126D7AA6F}.Debug|Any CPU.ActiveCfg = Debug|Any CPU
		{88B564B5-2162-4BEB-BE71-BC7126D7AA6F}.Debug|Any CPU.Build.0 = Debug|Any CPU
		{88B564B5-2162-4BEB-BE71-BC7126D7AA6F}.Release|Any CPU.ActiveCfg = Release|Any CPU
		{88B564B5-2162-4BEB-BE71-BC7126D7AA6F}.Release|Any CPU.Build.0 = Release|Any CPU
	EndGlobalSection
	GlobalSection(SolutionProperties) = preSolution
		HideSolutionNode = FALSE
	EndGlobalSection
	GlobalSection(ExtensibilityGlobals) = postSolution
		SolutionGuid = {0E12A5B3-7AC8-4A92-8B67-B7FF080E8FD4}
	EndGlobalSection
EndGlobal
